{
  "name": "lsthree",
  "version": "1.0.0",
  "lockfileVersion": 2,
  "requires": true,
  "packages": {
    "": {
      "name": "lsthree",
      "version": "1.0.0",
      "license": "MIT",
      "dependencies": {
        "meta.gl": "^0.1.5",
        "typescript": "^4.7.2",
        "wrapt.co_re": "^1.1.17"
      },
      "devDependencies": {
        "@types/node": "^17.0.38"
      }
    },
    "node_modules/@types/node": {
      "version": "17.0.38",
      "resolved": "https://registry.npmjs.org/@types/node/-/node-17.0.38.tgz",
      "integrity": "sha512-5jY9RhV7c0Z4Jy09G+NIDTsCZ5G0L5n+Z+p+Y7t5VJHM30bgwzSjVtlcBxqAj+6L/swIlvtOSzr8rBk/aNyV2g==",
      "dev": true
    },
    "node_modules/meta.gl": {
      "version": "0.1.5",
      "resolved": "https://registry.npmjs.org/meta.gl/-/meta.gl-0.1.5.tgz",
      "integrity": "sha512-qg6EPvIGcj+t1aWT1EfGUMq2956SqX4iyE8iaTykyGpUq2BoH8Ikj7XZ0hZ2t/GcJ46X7DSvg56c7yNEK0GMXA==",
      "dependencies": {
        "wrapt.co_re": "^1.1.17"
      }
    },
    "node_modules/typescript": {
      "version": "4.7.2",
      "resolved": "https://registry.npmjs.org/typescript/-/typescript-4.7.2.tgz",
      "integrity": "sha512-Mamb1iX2FDUpcTRzltPxgWMKy3fhg0TN378ylbktPGPK/99KbDtMQ4W1hwgsbPAsG3a0xKa1vmw4VKZQbkvz5A==",
      "bin": {
        "tsc": "bin/tsc",
        "tsserver": "bin/tsserver"
      },
      "engines": {
        "node": ">=4.2.0"
      }
    },
    "node_modules/wrapt.co_re": {
      "version": "1.1.17",
      "resolved": "https://registry.npmjs.org/wrapt.co_re/-/wrapt.co_re-1.1.17.tgz",
      "integrity": "sha512-FhsXpSrA1WwqXwIjoNjLQ3j7wA49g/K2U7NSXhQ8M27Y5IgoAaIFEVIfc3hYS0fEQryavTu/Yt04mUPM9Q/Xzg=="
    }
  },
  "dependencies": {
    "@types/node": {
      "version": "17.0.38",
      "resolved": "https://registry.npmjs.org/@types/node/-/node-17.0.38.tgz",
      "integrity": "sha512-5jY9RhV7c0Z4Jy09G+NIDTsCZ5G0L5n+Z+p+Y7t5VJHM30bgwzSjVtlcBxqAj+6L/swIlvtOSzr8rBk/aNyV2g==",
      "dev": true
    },
    "meta.gl": {
      "version": "0.1.5",
      "resolved": "https://registry.npmjs.org/meta.gl/-/meta.gl-0.1.5.tgz",
      "integrity": "sha512-qg6EPvIGcj+t1aWT1EfGUMq2956SqX4iyE8iaTykyGpUq2BoH8Ikj7XZ0hZ2t/GcJ46X7DSvg56c7yNEK0GMXA==",
      "requires": {
        "wrapt.co_re": "^1.1.17"
      }
    },
    "typescript": {
      "version": "4.7.2",
      "resolved": "https://registry.npmjs.org/typescript/-/typescript-4.7.2.tgz",
      "integrity": "sha512-Mamb1iX2FDUpcTRzltPxgWMKy3fhg0TN378ylbktPGPK/99KbDtMQ4W1hwgsbPAsG3a0xKa1vmw4VKZQbkvz5A=="
    },
    "wrapt.co_re": {
      "version": "1.1.17",
      "resolved": "https://registry.npmjs.org/wrapt.co_re/-/wrapt.co_re-1.1.17.tgz",
      "integrity": "sha512-FhsXpSrA1WwqXwIjoNjLQ3j7wA49g/K2U7NSXhQ8M27Y5IgoAaIFEVIfc3hYS0fEQryavTu/Yt04mUPM9Q/Xzg=="
    }
  }
}
